// !$*UTF8*$!
{
	archiveVersion = 1;
	classes = {
	};
	objectVersion = 55;
	objects = {

/* Begin PBXBuildFile section */
		3E98D2F42823333F0004038A /* SeatGeekApp.swift in Sources */ = {isa = PBXBuildFile; fileRef = 3E98D2F32823333F0004038A /* SeatGeekApp.swift */; };
		3E98D2F8282333400004038A /* Assets.xcassets in Resources */ = {isa = PBXBuildFile; fileRef = 3E98D2F7282333400004038A /* Assets.xcassets */; };
		3E98D2FB282333400004038A /* Preview Assets.xcassets in Resources */ = {isa = PBXBuildFile; fileRef = 3E98D2FA282333400004038A /* Preview Assets.xcassets */; };
		3E98D3042823371B0004038A /* UserSetting.swift in Sources */ = {isa = PBXBuildFile; fileRef = 3E98D3032823371B0004038A /* UserSetting.swift */; };
		3E98D307282337490004038A /* Date+Formatter.ext.swift in Sources */ = {isa = PBXBuildFile; fileRef = 3E98D306282337490004038A /* Date+Formatter.ext.swift */; };
		3E98D309282337790004038A /* Color+Ext.swift in Sources */ = {isa = PBXBuildFile; fileRef = 3E98D308282337790004038A /* Color+Ext.swift */; };
		3E98D30C282337CA0004038A /* Image+Ext.swift in Sources */ = {isa = PBXBuildFile; fileRef = 3E98D30B282337CA0004038A /* Image+Ext.swift */; };
		3E98D311282338590004038A /* Event.swift in Sources */ = {isa = PBXBuildFile; fileRef = 3E98D310282338590004038A /* Event.swift */; };
		3E98D314282338920004038A /* ImageView.swift in Sources */ = {isa = PBXBuildFile; fileRef = 3E98D313282338920004038A /* ImageView.swift */; };
		3E98D316282339160004038A /* EventRowView.swift in Sources */ = {isa = PBXBuildFile; fileRef = 3E98D315282339160004038A /* EventRowView.swift */; };
		3E98D318282339250004038A /* EventViewModel.swift in Sources */ = {isa = PBXBuildFile; fileRef = 3E98D317282339250004038A /* EventViewModel.swift */; };
		3E98D31A282339300004038A /* EventsView.swift in Sources */ = {isa = PBXBuildFile; fileRef = 3E98D319282339300004038A /* EventsView.swift */; };
		3E98D31C282339420004038A /* EventDetailView.swift in Sources */ = {isa = PBXBuildFile; fileRef = 3E98D31B282339420004038A /* EventDetailView.swift */; };
		3EC8986528233CF600E07B75 /* SearchBar.swift in Sources */ = {isa = PBXBuildFile; fileRef = 3EC8986428233CF600E07B75 /* SearchBar.swift */; };
		3EC8986D2823412A00E07B75 /* SessionManager.swift in Sources */ = {isa = PBXBuildFile; fileRef = 3EC8986C2823412A00E07B75 /* SessionManager.swift */; };
		3EC8986F282342F700E07B75 /* NetworkManager.swift in Sources */ = {isa = PBXBuildFile; fileRef = 3EC8986E282342F700E07B75 /* NetworkManager.swift */; };
		3EC9EB4128233A8D00416368 /* HTTPResponseHandler.swift.swift in Sources */ = {isa = PBXBuildFile; fileRef = 3EC9EB4028233A8D00416368 /* HTTPResponseHandler.swift.swift */; };
		3EC9EB4328233AA900416368 /* HTTPRequest.swift in Sources */ = {isa = PBXBuildFile; fileRef = 3EC9EB4228233AA900416368 /* HTTPRequest.swift */; };
		3EC9EB4528233AB700416368 /* HTTPClient.swift in Sources */ = {isa = PBXBuildFile; fileRef = 3EC9EB4428233AB700416368 /* HTTPClient.swift */; };
		3EC9EB4928233AE900416368 /* NetworkError.swift in Sources */ = {isa = PBXBuildFile; fileRef = 3EC9EB4828233AE900416368 /* NetworkError.swift */; };
		3EC9EB4D28233C2300416368 /* Alamofire in Frameworks */ = {isa = PBXBuildFile; productRef = 3EC9EB4C28233C2300416368 /* Alamofire */; };
/* End PBXBuildFile section */

/* Begin PBXFileReference section */
		3E98D2F02823333F0004038A /* SeatGeek.app */ = {isa = PBXFileReference; explicitFileType = wrapper.application; includeInIndex = 0; path = SeatGeek.app; sourceTree = BUILT_PRODUCTS_DIR; };
		3E98D2F32823333F0004038A /* SeatGeekApp.swift */ = {isa = PBXFileReference; lastKnownFileType = sourcecode.swift; path = SeatGeekApp.swift; sourceTree = "<group>"; };
		3E98D2F7282333400004038A /* Assets.xcassets */ = {isa = PBXFileReference; lastKnownFileType = folder.assetcatalog; path = Assets.xcassets; sourceTree = "<group>"; };
		3E98D2FA282333400004038A /* Preview Assets.xcassets */ = {isa = PBXFileReference; lastKnownFileType = folder.assetcatalog; path = "Preview Assets.xcassets"; sourceTree = "<group>"; };
		3E98D3032823371B0004038A /* UserSetting.swift */ = {isa = PBXFileReference; lastKnownFileType = sourcecode.swift; path = UserSetting.swift; sourceTree = "<group>"; };
		3E98D306282337490004038A /* Date+Formatter.ext.swift */ = {isa = PBXFileReference; lastKnownFileType = sourcecode.swift; path = "Date+Formatter.ext.swift"; sourceTree = "<group>"; };
		3E98D308282337790004038A /* Color+Ext.swift */ = {isa = PBXFileReference; lastKnownFileType = sourcecode.swift; path = "Color+Ext.swift"; sourceTree = "<group>"; };
		3E98D30B282337CA0004038A /* Image+Ext.swift */ = {isa = PBXFileReference; lastKnownFileType = sourcecode.swift; path = "Image+Ext.swift"; sourceTree = "<group>"; };
		3E98D310282338590004038A /* Event.swift */ = {isa = PBXFileReference; lastKnownFileType = sourcecode.swift; path = Event.swift; sourceTree = "<group>"; };
		3E98D313282338920004038A /* ImageView.swift */ = {isa = PBXFileReference; lastKnownFileType = sourcecode.swift; path = ImageView.swift; sourceTree = "<group>"; };
		3E98D315282339160004038A /* EventRowView.swift */ = {isa = PBXFileReference; lastKnownFileType = sourcecode.swift; path = EventRowView.swift; sourceTree = "<group>"; };
		3E98D317282339250004038A /* EventViewModel.swift */ = {isa = PBXFileReference; lastKnownFileType = sourcecode.swift; path = EventViewModel.swift; sourceTree = "<group>"; };
		3E98D319282339300004038A /* EventsView.swift */ = {isa = PBXFileReference; lastKnownFileType = sourcecode.swift; path = EventsView.swift; sourceTree = "<group>"; };
		3E98D31B282339420004038A /* EventDetailView.swift */ = {isa = PBXFileReference; lastKnownFileType = sourcecode.swift; path = EventDetailView.swift; sourceTree = "<group>"; };
		3EC8986428233CF600E07B75 /* SearchBar.swift */ = {isa = PBXFileReference; lastKnownFileType = sourcecode.swift; path = SearchBar.swift; sourceTree = "<group>"; };
		3EC8986C2823412A00E07B75 /* SessionManager.swift */ = {isa = PBXFileReference; lastKnownFileType = sourcecode.swift; path = SessionManager.swift; sourceTree = "<group>"; };
		3EC8986E282342F700E07B75 /* NetworkManager.swift */ = {isa = PBXFileReference; lastKnownFileType = sourcecode.swift; path = NetworkManager.swift; sourceTree = "<group>"; };
		3EC9EB4028233A8D00416368 /* HTTPResponseHandler.swift.swift */ = {isa = PBXFileReference; lastKnownFileType = sourcecode.swift; path = HTTPResponseHandler.swift.swift; sourceTree = "<group>"; };
		3EC9EB4228233AA900416368 /* HTTPRequest.swift */ = {isa = PBXFileReference; lastKnownFileType = sourcecode.swift; path = HTTPRequest.swift; sourceTree = "<group>"; };
		3EC9EB4428233AB700416368 /* HTTPClient.swift */ = {isa = PBXFileReference; lastKnownFileType = sourcecode.swift; path = HTTPClient.swift; sourceTree = "<group>"; };
		3EC9EB4828233AE900416368 /* NetworkError.swift */ = {isa = PBXFileReference; lastKnownFileType = sourcecode.swift; path = NetworkError.swift; sourceTree = "<group>"; };
/* End PBXFileReference section */

/* Begin PBXFrameworksBuildPhase section */
		3E98D2ED2823333F0004038A /* Frameworks */ = {
			isa = PBXFrameworksBuildPhase;
			buildActionMask = 2147483647;
			files = (
				3EC9EB4D28233C2300416368 /* Alamofire in Frameworks */,
			);
			runOnlyForDeploymentPostprocessing = 0;
		};
/* End PBXFrameworksBuildPhase section */

/* Begin PBXGroup section */
		3E98D2E72823333F0004038A = {
			isa = PBXGroup;
			children = (
				3E98D2F22823333F0004038A /* SeatGeek */,
				3E98D2F12823333F0004038A /* Products */,
			);
			sourceTree = "<group>";
		};
		3E98D2F12823333F0004038A /* Products */ = {
			isa = PBXGroup;
			children = (
				3E98D2F02823333F0004038A /* SeatGeek.app */,
			);
			name = Products;
			sourceTree = "<group>";
		};
		3E98D2F22823333F0004038A /* SeatGeek */ = {
			isa = PBXGroup;
			children = (
				3E98D30A282337AF0004038A /* Models */,
				3E98D312282338830004038A /* Views */,
				3EC89875282344CC00E07B75 /* Managers */,
				3E98D305282337330004038A /* Extensions */,
				3E98D2F32823333F0004038A /* SeatGeekApp.swift */,
				3E98D2F7282333400004038A /* Assets.xcassets */,
				3E98D2F9282333400004038A /* Preview Content */,
			);
			path = SeatGeek;
			sourceTree = "<group>";
		};
		3E98D2F9282333400004038A /* Preview Content */ = {
			isa = PBXGroup;
			children = (
				3E98D2FA282333400004038A /* Preview Assets.xcassets */,
			);
			path = "Preview Content";
			sourceTree = "<group>";
		};
		3E98D305282337330004038A /* Extensions */ = {
			isa = PBXGroup;
			children = (
				3E98D306282337490004038A /* Date+Formatter.ext.swift */,
				3E98D308282337790004038A /* Color+Ext.swift */,
				3E98D30B282337CA0004038A /* Image+Ext.swift */,
			);
			path = Extensions;
			sourceTree = "<group>";
		};
		3E98D30A282337AF0004038A /* Models */ = {
			isa = PBXGroup;
			children = (
				3E98D310282338590004038A /* Event.swift */,
			);
			path = Models;
			sourceTree = "<group>";
		};
		3E98D30D282338070004038A /* NetworkService */ = {
			isa = PBXGroup;
			children = (
				3EC9EB4828233AE900416368 /* NetworkError.swift */,
				3EC9EB4028233A8D00416368 /* HTTPResponseHandler.swift.swift */,
				3EC9EB4228233AA900416368 /* HTTPRequest.swift */,
				3EC9EB4428233AB700416368 /* HTTPClient.swift */,
			);
			path = NetworkService;
			sourceTree = "<group>";
		};
		3E98D312282338830004038A /* Views */ = {
			isa = PBXGroup;
			children = (
				3EC898712823437D00E07B75 /* Screens */,
				3E98D30D282338070004038A /* NetworkService */,
			);
			path = Views;
			sourceTree = "<group>";
		};
		3EC898702823436600E07B75 /* ImageView */ = {
			isa = PBXGroup;
			children = (
				3E98D313282338920004038A /* ImageView.swift */,
			);
			path = ImageView;
			sourceTree = "<group>";
		};
		3EC898712823437D00E07B75 /* Screens */ = {
			isa = PBXGroup;
			children = (
				3EC89874282343C300E07B75 /* SearchBar */,
				3EC898702823436600E07B75 /* ImageView */,
				3EC89873282343A400E07B75 /* Events */,
				3EC898722823438800E07B75 /* Settings */,
			);
			path = Screens;
			sourceTree = "<group>";
		};
		3EC898722823438800E07B75 /* Settings */ = {
			isa = PBXGroup;
			children = (
				3E98D3032823371B0004038A /* UserSetting.swift */,
			);
			path = Settings;
			sourceTree = "<group>";
		};
		3EC89873282343A400E07B75 /* Events */ = {
			isa = PBXGroup;
			children = (
				3E98D319282339300004038A /* EventsView.swift */,
				3E98D31B282339420004038A /* EventDetailView.swift */,
				3E98D315282339160004038A /* EventRowView.swift */,
				3E98D317282339250004038A /* EventViewModel.swift */,
			);
			path = Events;
			sourceTree = "<group>";
		};
		3EC89874282343C300E07B75 /* SearchBar */ = {
			isa = PBXGroup;
			children = (
				3EC8986428233CF600E07B75 /* SearchBar.swift */,
			);
			path = SearchBar;
			sourceTree = "<group>";
		};
		3EC89875282344CC00E07B75 /* Managers */ = {
			isa = PBXGroup;
			children = (
				3EC8986E282342F700E07B75 /* NetworkManager.swift */,
				3EC8986C2823412A00E07B75 /* SessionManager.swift */,
			);
			path = Managers;
			sourceTree = "<group>";
		};
/* End PBXGroup section */

/* Begin PBXNativeTarget section */
		3E98D2EF2823333F0004038A /* SeatGeek */ = {
			isa = PBXNativeTarget;
			buildConfigurationList = 3E98D2FE282333400004038A /* Build configuration list for PBXNativeTarget "SeatGeek" */;
			buildPhases = (
				3E98D2EC2823333F0004038A /* Sources */,
				3E98D2ED2823333F0004038A /* Frameworks */,
				3E98D2EE2823333F0004038A /* Resources */,
			);
			buildRules = (
			);
			dependencies = (
			);
			name = SeatGeek;
			packageProductDependencies = (
				3EC9EB4C28233C2300416368 /* Alamofire */,
			);
			productName = SeatGeek;
			productReference = 3E98D2F02823333F0004038A /* SeatGeek.app */;
			productType = "com.apple.product-type.application";
		};
/* End PBXNativeTarget section */

/* Begin PBXProject section */
		3E98D2E82823333F0004038A /* Project object */ = {
			isa = PBXProject;
			attributes = {
				BuildIndependentTargetsInParallel = 1;
				LastSwiftUpdateCheck = 1330;
				LastUpgradeCheck = 1330;
				TargetAttributes = {
					3E98D2EF2823333F0004038A = {
						CreatedOnToolsVersion = 13.3.1;
					};
				};
			};
			buildConfigurationList = 3E98D2EB2823333F0004038A /* Build configuration list for PBXProject "SeatGeek" */;
			compatibilityVersion = "Xcode 13.0";
			developmentRegion = en;
			hasScannedForEncodings = 0;
			knownRegions = (
				en,
				Base,
			);
			mainGroup = 3E98D2E72823333F0004038A;
			packageReferences = (
				3EC9EB4B28233C2300416368 /* XCRemoteSwiftPackageReference "Alamofire" */,
			);
			productRefGroup = 3E98D2F12823333F0004038A /* Products */;
			projectDirPath = "";
			projectRoot = "";
			targets = (
				3E98D2EF2823333F0004038A /* SeatGeek */,
			);
		};
/* End PBXProject section */

/* Begin PBXResourcesBuildPhase section */
		3E98D2EE2823333F0004038A /* Resources */ = {
			isa = PBXResourcesBuildPhase;
			buildActionMask = 2147483647;
			files = (
				3E98D2FB282333400004038A /* Preview Assets.xcassets in Resources */,
				3E98D2F8282333400004038A /* Assets.xcassets in Resources */,
			);
			runOnlyForDeploymentPostprocessing = 0;
		};
/* End PBXResourcesBuildPhase section */

/* Begin PBXSourcesBuildPhase section */
		3E98D2EC2823333F0004038A /* Sources */ = {
			isa = PBXSourcesBuildPhase;
			buildActionMask = 2147483647;
			files = (
				3EC8986F282342F700E07B75 /* NetworkManager.swift in Sources */,
				3E98D314282338920004038A /* ImageView.swift in Sources */,
				3E98D30C282337CA0004038A /* Image+Ext.swift in Sources */,
				3E98D31A282339300004038A /* EventsView.swift in Sources */,
				3E98D2F42823333F0004038A /* SeatGeekApp.swift in Sources */,
				3EC8986528233CF600E07B75 /* SearchBar.swift in Sources */,
				3E98D318282339250004038A /* EventViewModel.swift in Sources */,
				3E98D316282339160004038A /* EventRowView.swift in Sources */,
				3E98D309282337790004038A /* Color+Ext.swift in Sources */,
				3E98D307282337490004038A /* Date+Formatter.ext.swift in Sources */,
				3E98D31C282339420004038A /* EventDetailView.swift in Sources */,
				3E98D311282338590004038A /* Event.swift in Sources */,
				3EC8986D2823412A00E07B75 /* SessionManager.swift in Sources */,
				3EC9EB4528233AB700416368 /* HTTPClient.swift in Sources */,
				3EC9EB4328233AA900416368 /* HTTPRequest.swift in Sources */,
				3EC9EB4128233A8D00416368 /* HTTPResponseHandler.swift.swift in Sources */,
				3E98D3042823371B0004038A /* UserSetting.swift in Sources */,
				3EC9EB4928233AE900416368 /* NetworkError.swift in Sources */,
			);
			runOnlyForDeploymentPostprocessing = 0;
		};
/* End PBXSourcesBuildPhase section */

/* Begin XCBuildConfiguration section */
		3E98D2FC282333400004038A /* Debug */ = {
			isa = XCBuildConfiguration;
			buildSettings = {
				ALWAYS_SEARCH_USER_PATHS = NO;
				CLANG_ANALYZER_NONNULL = YES;
				CLANG_ANALYZER_NUMBER_OBJECT_CONVERSION = YES_AGGRESSIVE;
				CLANG_CXX_LANGUAGE_STANDARD = "gnu++17";
				CLANG_ENABLE_MODULES = YES;
				CLANG_ENABLE_OBJC_ARC = YES;
				CLANG_ENABLE_OBJC_WEAK = YES;
				CLANG_WARN_BLOCK_CAPTURE_AUTORELEASING = YES;
				CLANG_WARN_BOOL_CONVERSION = YES;
				CLANG_WARN_COMMA = YES;
				CLANG_WARN_CONSTANT_CONVERSION = YES;
				CLANG_WARN_DEPRECATED_OBJC_IMPLEMENTATIONS = YES;
				CLANG_WARN_DIRECT_OBJC_ISA_USAGE = YES_ERROR;
				CLANG_WARN_DOCUMENTATION_COMMENTS = YES;
				CLANG_WARN_EMPTY_BODY = YES;
				CLANG_WARN_ENUM_CONVERSION = YES;
				CLANG_WARN_INFINITE_RECURSION = YES;
				CLANG_WARN_INT_CONVERSION = YES;
				CLANG_WARN_NON_LITERAL_NULL_CONVERSION = YES;
				CLANG_WARN_OBJC_IMPLICIT_RETAIN_SELF = YES;
				CLANG_WARN_OBJC_LITERAL_CONVERSION = YES;
				CLANG_WARN_OBJC_ROOT_CLASS = YES_ERROR;
				CLANG_WARN_QUOTED_INCLUDE_IN_FRAMEWORK_HEADER = YES;
				CLANG_WARN_RANGE_LOOP_ANALYSIS = YES;
				CLANG_WARN_STRICT_PROTOTYPES = YES;
				CLANG_WARN_SUSPICIOUS_MOVE = YES;
				CLANG_WARN_UNGUARDED_AVAILABILITY = YES_AGGRESSIVE;
				CLANG_WARN_UNREACHABLE_CODE = YES;
				CLANG_WARN__DUPLICATE_METHOD_MATCH = YES;
				COPY_PHASE_STRIP = NO;
				DEBUG_INFORMATION_FORMAT = dwarf;
				ENABLE_STRICT_OBJC_MSGSEND = YES;
				ENABLE_TESTABILITY = YES;
				GCC_C_LANGUAGE_STANDARD = gnu11;
				GCC_DYNAMIC_NO_PIC = NO;
				GCC_NO_COMMON_BLOCKS = YES;
				GCC_OPTIMIZATION_LEVEL = 0;
				GCC_PREPROCESSOR_DEFINITIONS = (
					"DEBUG=1",
					"$(inherited)",
				);
				GCC_WARN_64_TO_32_BIT_CONVERSION = YES;
				GCC_WARN_ABOUT_RETURN_TYPE = YES_ERROR;
				GCC_WARN_UNDECLARED_SELECTOR = YES;
				GCC_WARN_UNINITIALIZED_AUTOS = YES_AGGRESSIVE;
				GCC_WARN_UNUSED_FUNCTION = YES;
				GCC_WARN_UNUSED_VARIABLE = YES;
				IPHONEOS_DEPLOYMENT_TARGET = 15.4;
				MTL_ENABLE_DEBUG_INFO = INCLUDE_SOURCE;
				MTL_FAST_MATH = YES;
				ONLY_ACTIVE_ARCH = YES;
				SDKROOT = iphoneos;
				SWIFT_ACTIVE_COMPILATION_CONDITIONS = DEBUG;
				SWIFT_OPTIMIZATION_LEVEL = "-Onone";
			};
			name = Debug;
		};
		3E98D2FD282333400004038A /* Release */ = {
			isa = XCBuildConfiguration;
			buildSettings = {
				ALWAYS_SEARCH_USER_PATHS = NO;
				CLANG_ANALYZER_NONNULL = YES;
				CLANG_ANALYZER_NUMBER_OBJECT_CONVERSION = YES_AGGRESSIVE;
				CLANG_CXX_LANGUAGE_STANDARD = "gnu++17";
				CLANG_ENABLE_MODULES = YES;
				CLANG_ENABLE_OBJC_ARC = YES;
				CLANG_ENABLE_OBJC_WEAK = YES;
				CLANG_WARN_BLOCK_CAPTURE_AUTORELEASING = YES;
				CLANG_WARN_BOOL_CONVERSION = YES;
				CLANG_WARN_COMMA = YES;
				CLANG_WARN_CONSTANT_CONVERSION = YES;
				CLANG_WARN_DEPRECATED_OBJC_IMPLEMENTATIONS = YES;
				CLANG_WARN_DIRECT_OBJC_ISA_USAGE = YES_ERROR;
				CLANG_WARN_DOCUMENTATION_COMMENTS = YES;
				CLANG_WARN_EMPTY_BODY = YES;
				CLANG_WARN_ENUM_CONVERSION = YES;
				CLANG_WARN_INFINITE_RECURSION = YES;
				CLANG_WARN_INT_CONVERSION = YES;
				CLANG_WARN_NON_LITERAL_NULL_CONVERSION = YES;
				CLANG_WARN_OBJC_IMPLICIT_RETAIN_SELF = YES;
				CLANG_WARN_OBJC_LITERAL_CONVERSION = YES;
				CLANG_WARN_OBJC_ROOT_CLASS = YES_ERROR;
				CLANG_WARN_QUOTED_INCLUDE_IN_FRAMEWORK_HEADER = YES;
				CLANG_WARN_RANGE_LOOP_ANALYSIS = YES;
				CLANG_WARN_STRICT_PROTOTYPES = YES;
				CLANG_WARN_SUSPICIOUS_MOVE = YES;
				CLANG_WARN_UNGUARDED_AVAILABILITY = YES_AGGRESSIVE;
				CLANG_WARN_UNREACHABLE_CODE = YES;
				CLANG_WARN__DUPLICATE_METHOD_MATCH = YES;
				COPY_PHASE_STRIP = NO;
				DEBUG_INFORMATION_FORMAT = "dwarf-with-dsym";
				ENABLE_NS_ASSERTIONS = NO;
				ENABLE_STRICT_OBJC_MSGSEND = YES;
				GCC_C_LANGUAGE_STANDARD = gnu11;
				GCC_NO_COMMON_BLOCKS = YES;
				GCC_WARN_64_TO_32_BIT_CONVERSION = YES;
				GCC_WARN_ABOUT_RETURN_TYPE = YES_ERROR;
				GCC_WARN_UNDECLARED_SELECTOR = YES;
				GCC_WARN_UNINITIALIZED_AUTOS = YES_AGGRESSIVE;
				GCC_WARN_UNUSED_FUNCTION = YES;
				GCC_WARN_UNUSED_VARIABLE = YES;
				IPHONEOS_DEPLOYMENT_TARGET = 15.4;
				MTL_ENABLE_DEBUG_INFO = NO;
				MTL_FAST_MATH = YES;
				SDKROOT = iphoneos;
				SWIFT_COMPILATION_MODE = wholemodule;
				SWIFT_OPTIMIZATION_LEVEL = "-O";
				VALIDATE_PRODUCT = YES;
			};
			name = Release;
		};
		3E98D2FF282333400004038A /* Debug */ = {
			isa = XCBuildConfiguration;
			buildSettings = {
				ASSETCATALOG_COMPILER_APPICON_NAME = AppIcon;
				ASSETCATALOG_COMPILER_GLOBAL_ACCENT_COLOR_NAME = AccentColor;
				CODE_SIGN_STYLE = Automatic;
				CURRENT_PROJECT_VERSION = 1;
				DEVELOPMENT_ASSET_PATHS = "\"SeatGeek/Preview Content\"";
				DEVELOPMENT_TEAM = Y9UNY8645A;
				ENABLE_PREVIEWS = YES;
				GENERATE_INFOPLIST_FILE = YES;
				INFOPLIST_KEY_UIApplicationSceneManifest_Generation = YES;
				INFOPLIST_KEY_UIApplicationSupportsIndirectInputEvents = YES;
				INFOPLIST_KEY_UILaunchScreen_Generation = YES;
				INFOPLIST_KEY_UISupportedInterfaceOrientations_iPad = "UIInterfaceOrientationPortrait UIInterfaceOrientationPortraitUpsideDown UIInterfaceOrientationLandscapeLeft UIInterfaceOrientationLandscapeRight";
				INFOPLIST_KEY_UISupportedInterfaceOrientations_iPhone = "UIInterfaceOrientationPortrait UIInterfaceOrientationLandscapeLeft UIInterfaceOrientationLandscapeRight";
				LD_RUNPATH_SEARCH_PATHS = (
					"$(inherited)",
					"@executable_path/Frameworks",
				);
				MARKETING_VERSION = 1.0;
				PRODUCT_BUNDLE_IDENTIFIER = nicolas.rios.SeatGeek;
				PRODUCT_NAME = "$(TARGET_NAME)";
				SWIFT_EMIT_LOC_STRINGS = YES;
				SWIFT_VERSION = 5.0;
				TARGETED_DEVICE_FAMILY = "1,2";
			};
			name = Debug;
		};
		3E98D300282333400004038A /* Release */ = {
			isa = XCBuildConfiguration;
			buildSettings = {
				ASSETCATALOG_COMPILER_APPICON_NAME = AppIcon;
				ASSETCATALOG_COMPILER_GLOBAL_ACCENT_COLOR_NAME = AccentColor;
				CODE_SIGN_STYLE = Automatic;
				CURRENT_PROJECT_VERSION = 1;
				DEVELOPMENT_ASSET_PATHS = "\"SeatGeek/Preview Content\"";
				DEVELOPMENT_TEAM = Y9UNY8645A;
				ENABLE_PREVIEWS = YES;
				GENERATE_INFOPLIST_FILE = YES;
				INFOPLIST_KEY_UIApplicationSceneManifest_Generation = YES;
				INFOPLIST_KEY_UIApplicationSupportsIndirectInputEvents = YES;
				INFOPLIST_KEY_UILaunchScreen_Generation = YES;
				INFOPLIST_KEY_UISupportedInterfaceOrientations_iPad = "UIInterfaceOrientationPortrait UIInterfaceOrientationPortraitUpsideDown UIInterfaceOrientationLandscapeLeft UIInterfaceOrientationLandscapeRight";
				INFOPLIST_KEY_UISupportedInterfaceOrientations_iPhone = "UIInterfaceOrientationPortrait UIInterfaceOrientationLandscapeLeft UIInterfaceOrientationLandscapeRight";
				LD_RUNPATH_SEARCH_PATHS = (
					"$(inherited)",
					"@executable_path/Frameworks",
				);
				MARKETING_VERSION = 1.0;
				PRODUCT_BUNDLE_IDENTIFIER = nicolas.rios.SeatGeek;
				PRODUCT_NAME = "$(TARGET_NAME)";
				SWIFT_EMIT_LOC_STRINGS = YES;
				SWIFT_VERSION = 5.0;
				TARGETED_DEVICE_FAMILY = "1,2";
			};
			name = Release;
		};
/* End XCBuildConfiguration section */

/* Begin XCConfigurationList section */
		3E98D2EB2823333F0004038A /* Build configuration list for PBXProject "SeatGeek" */ = {
			isa = XCConfigurationList;
			buildConfigurations = (
				3E98D2FC282333400004038A /* Debug */,
				3E98D2FD282333400004038A /* Release */,
			);
			defaultConfigurationIsVisible = 0;
			defaultConfigurationName = Release;
		};
		3E98D2FE282333400004038A /* Build configuration list for PBXNativeTarget "SeatGeek" */ = {
			isa = XCConfigurationList;
			buildConfigurations = (
				3E98D2FF282333400004038A /* Debug */,
				3E98D300282333400004038A /* Release */,
			);
			defaultConfigurationIsVisible = 0;
			defaultConfigurationName = Release;
		};
/* End XCConfigurationList section */

/* Begin XCRemoteSwiftPackageReference section */
		3EC9EB4B28233C2300416368 /* XCRemoteSwiftPackageReference "Alamofire" */ = {
			isa = XCRemoteSwiftPackageReference;
			repositoryURL = "https://github.com/Alamofire/Alamofire.git";
			requirement = {
				kind = upToNextMajorVersion;
				minimumVersion = 5.0.0;
			};
		};
/* End XCRemoteSwiftPackageReference section */

/* Begin XCSwiftPackageProductDependency section */
		3EC9EB4C28233C2300416368 /* Alamofire */ = {
			isa = XCSwiftPackageProductDependency;
			package = 3EC9EB4B28233C2300416368 /* XCRemoteSwiftPackageReference "Alamofire" */;
			productName = Alamofire;
		};
/* End XCSwiftPackageProductDependency section */
	};
	rootObject = 3E98D2E82823333F0004038A /* Project object */;
}
